
Microsoft Visual Studio Solution File, Format Version 12.00
# Visual Studio Version 16
VisualStudioVersion = 16.0.31402.337
MinimumVisualStudioVersion = 10.0.40219.1
Project("{FAE04EC0-301F-11D3-BF4B-00C04F79EFBC}") = "WebSite", "WebSite.csproj", "{FA3BEB04-E281-4712-9EE8-C253A12B0E23}"
EndProject
Global
	GlobalSection(SolutionConfigurationPlatforms) = preSolution
		Debug|Any CPU = Debug|Any CPU
		Release|Any CPU = Release|Any CPU
	EndGlobalSection
	GlobalSection(ProjectConfigurationPlatforms) = postSolution
		{FA3BEB04-E281-4712-9EE8-C253A12B0E23}.Debug|Any CPU.ActiveCfg = Debug|Any CPU
		{FA3BEB04-E281-4712-9EE8-C253A12B0E23}.Debug|Any CPU.Build.0 = Debug|Any CPU
		{FA3BEB04-E281-4712-9EE8-C253A12B0E23}.Release|Any CPU.ActiveCfg = Release|Any CPU
		{FA3BEB04-E281-4712-9EE8-C253A12B0E23}.Release|Any CPU.Build.0 = Release|Any CPU
	EndGlobalSection
	GlobalSection(SolutionProperties) = preSolution
		HideSolutionNode = FALSE
	EndGlobalSection
	GlobalSection(ExtensibilityGlobals) = postSolution
		SolutionGuid = {52711270-D478-46EC-B0DD-38D4AA1C4AB2}
	EndGlobalSection
EndGlobal
